PODS:
  - Alamofire (5.2.1)
  - AppStarter (0.1.0):
    - Moya (~> 14.0)
  - Moya (14.0.0):
    - Moya/Core (= 14.0.0)
  - Moya/Core (14.0.0):
    - Alamofire (~> 5.0)

DEPENDENCIES:
  - AppStarter (from `../`)

SPEC REPOS:
  https://github.com/cocoapods/specs.git:
    - Alamofire
    - Moya

EXTERNAL SOURCES:
  AppStarter:
    :path: "../"

SPEC CHECKSUMS:
  Alamofire: e911732990610fe89af59ac0077f923d72dc3dfd
  AppStarter: edcb7393e7d45c7e9f501f88d27d33c0cb46877a
  Moya: 5b45dacb75adb009f97fde91c204c1e565d31916

PODFILE CHECKSUM: 34eca67d8a5e7b4e93197820fcf2ed4581c43f62

COCOAPODS: 1.6.2
